
Microsoft Visual Studio Solution File, Format Version 12.00
# Visual Studio Version 16
VisualStudioVersion = 16.0.28803.156
MinimumVisualStudioVersion = 10.0.40219.1
Project("{FAE04EC0-301F-11D3-BF4B-00C04F79EFBC}") = "BookListRazor", "BookListRazor\BookListRazor.csproj", "{A25D7F70-722D-4103-BCBA-2A9085750D4E}"
EndProject
Global
	GlobalSection(SolutionConfigurationPlatforms) = preSolution
		Debug|Any CPU = Debug|Any CPU
		Release|Any CPU = Release|Any CPU
	EndGlobalSection
	GlobalSection(ProjectConfigurationPlatforms) = postSolution
		{A25D7F70-722D-4103-BCBA-2A9085750D4E}.Debug|Any CPU.ActiveCfg = Debug|Any CPU
		{A25D7F70-722D-4103-BCBA-2A9085750D4E}.Debug|Any CPU.Build.0 = Debug|Any CPU
		{A25D7F70-722D-4103-BCBA-2A9085750D4E}.Release|Any CPU.ActiveCfg = Release|Any CPU
		{A25D7F70-722D-4103-BCBA-2A9085750D4E}.Release|Any CPU.Build.0 = Release|Any CPU
	EndGlobalSection
	GlobalSection(SolutionProperties) = preSolution
		HideSolutionNode = FALSE
	EndGlobalSection
	GlobalSection(ExtensibilityGlobals) = postSolution
		SolutionGuid = {143BFCE6-689E-4CF6-9679-C86FCE94C430}
	EndGlobalSection
EndGlobal
